
Microsoft Visual Studio Solution File, Format Version 12.00
# Visual Studio Version 17
VisualStudioVersion = 17.11.35312.102
MinimumVisualStudioVersion = 10.0.40219.1
Project("{9A19103F-16F7-4668-BE54-9A1E7A4F7556}") = "Web3Lab", "Web3Lab\Web3Lab.csproj", "{F6B03E57-60C1-4C92-A253-88BDB5ABEF0D}"
EndProject
Project("{9A19103F-16F7-4668-BE54-9A1E7A4F7556}") = "Lab3Logic", "Lab3Logic\Lab3Logic.csproj", "{EB4025B7-D294-4FC3-86E4-4610FA4E5BAD}"
EndProject
Global
	GlobalSection(SolutionConfigurationPlatforms) = preSolution
		Debug|Any CPU = Debug|Any CPU
		Release|Any CPU = Release|Any CPU
	EndGlobalSection
	GlobalSection(ProjectConfigurationPlatforms) = postSolution
		{F6B03E57-60C1-4C92-A253-88BDB5ABEF0D}.Debug|Any CPU.ActiveCfg = Debug|Any CPU
		{F6B03E57-60C1-4C92-A253-88BDB5ABEF0D}.Debug|Any CPU.Build.0 = Debug|Any CPU
		{F6B03E57-60C1-4C92-A253-88BDB5ABEF0D}.Release|Any CPU.ActiveCfg = Release|Any CPU
		{F6B03E57-60C1-4C92-A253-88BDB5ABEF0D}.Release|Any CPU.Build.0 = Release|Any CPU
		{EB4025B7-D294-4FC3-86E4-4610FA4E5BAD}.Debug|Any CPU.ActiveCfg = Debug|Any CPU
		{EB4025B7-D294-4FC3-86E4-4610FA4E5BAD}.Debug|Any CPU.Build.0 = Debug|Any CPU
		{EB4025B7-D294-4FC3-86E4-4610FA4E5BAD}.Release|Any CPU.ActiveCfg = Release|Any CPU
		{EB4025B7-D294-4FC3-86E4-4610FA4E5BAD}.Release|Any CPU.Build.0 = Release|Any CPU
	EndGlobalSection
	GlobalSection(SolutionProperties) = preSolution
		HideSolutionNode = FALSE
	EndGlobalSection
	GlobalSection(ExtensibilityGlobals) = postSolution
		SolutionGuid = {566F0D5D-06A1-4E47-949C-053CD34E1C4B}
	EndGlobalSection
EndGlobal
